// !$*UTF8*$!
{
	archiveVersion = 1;
	classes = {
	};
	objectVersion = 46;
	objects = {

/* Begin PBXBuildFile section */
		10A4040319B4D75200892FDB /* main.swift in Sources */ = {isa = PBXBuildFile; fileRef = 10A4040219B4D75200892FDB /* main.swift */; };
		10A4040A19B4DA8200892FDB /* FileSearcher.swift in Sources */ = {isa = PBXBuildFile; fileRef = 10A4040919B4DA8200892FDB /* FileSearcher.swift */; };
/* End PBXBuildFile section */

/* Begin PBXCopyFilesBuildPhase section */
		10A403FD19B4D75200892FDB /* CopyFiles */ = {
			isa = PBXCopyFilesBuildPhase;
			buildActionMask = 2147483647;
			dstPath = /usr/share/man/man1/;
			dstSubfolderSpec = 0;
			files = (
			);
			runOnlyForDeploymentPostprocessing = 1;
		};
/* End PBXCopyFilesBuildPhase section */

/* Begin PBXFileReference section */
		10A403FF19B4D75200892FDB /* ObjC-Swift Convertor */ = {isa = PBXFileReference; explicitFileType = "compiled.mach-o.executable"; includeInIndex = 0; path = "ObjC-Swift Convertor"; sourceTree = BUILT_PRODUCTS_DIR; };
		10A4040219B4D75200892FDB /* main.swift */ = {isa = PBXFileReference; lastKnownFileType = sourcecode.swift; path = main.swift; sourceTree = "<group>"; };
		10A4040919B4DA8200892FDB /* FileSearcher.swift */ = {isa = PBXFileReference; fileEncoding = 4; lastKnownFileType = sourcecode.swift; path = FileSearcher.swift; sourceTree = "<group>"; };
/* End PBXFileReference section */

/* Begin PBXFrameworksBuildPhase section */
		10A403FC19B4D75200892FDB /* Frameworks */ = {
			isa = PBXFrameworksBuildPhase;
			buildActionMask = 2147483647;
			files = (
			);
			runOnlyForDeploymentPostprocessing = 0;
		};
/* End PBXFrameworksBuildPhase section */

/* Begin PBXGroup section */
		10A403F619B4D75200892FDB = {
			isa = PBXGroup;
			children = (
				10A4040119B4D75200892FDB /* ObjC-Swift Convertor */,
				10A4040019B4D75200892FDB /* Products */,
			);
			sourceTree = "<group>";
		};
		10A4040019B4D75200892FDB /* Products */ = {
			isa = PBXGroup;
			children = (
				10A403FF19B4D75200892FDB /* ObjC-Swift Convertor */,
			);
			name = Products;
			sourceTree = "<group>";
		};
		10A4040119B4D75200892FDB /* ObjC-Swift Convertor */ = {
			isa = PBXGroup;
			children = (
				10A4040219B4D75200892FDB /* main.swift */,
				10A4040919B4DA8200892FDB /* FileSearcher.swift */,
			);
			path = "ObjC-Swift Convertor";
			sourceTree = "<group>";
		};
/* End PBXGroup section */

/* Begin PBXNativeTarget section */
		10A403FE19B4D75200892FDB /* ObjC-Swift Convertor */ = {
			isa = PBXNativeTarget;
			buildConfigurationList = 10A4040619B4D75200892FDB /* Build configuration list for PBXNativeTarget "ObjC-Swift Convertor" */;
			buildPhases = (
				10A403FB19B4D75200892FDB /* Sources */,
				10A403FC19B4D75200892FDB /* Frameworks */,
				10A403FD19B4D75200892FDB /* CopyFiles */,
			);
			buildRules = (
			);
			dependencies = (
			);
			name = "ObjC-Swift Convertor";
			productName = "ObjC-Swift Convertor";
			productReference = 10A403FF19B4D75200892FDB /* ObjC-Swift Convertor */;
			productType = "com.apple.product-type.tool";
		};
/* End PBXNativeTarget section */

/* Begin PBXProject section */
		10A403F719B4D75200892FDB /* Project object */ = {
			isa = PBXProject;
			attributes = {
				LastUpgradeCheck = 0600;
				ORGANIZATIONNAME = "Shuyang Sun";
				TargetAttributes = {
					10A403FE19B4D75200892FDB = {
						CreatedOnToolsVersion = 6.0;
					};
				};
			};
			buildConfigurationList = 10A403FA19B4D75200892FDB /* Build configuration list for PBXProject "ObjC-Swift Convertor" */;
			compatibilityVersion = "Xcode 3.2";
			developmentRegion = English;
			hasScannedForEncodings = 0;
			knownRegions = (
				en,
			);
			mainGroup = 10A403F619B4D75200892FDB;
			productRefGroup = 10A4040019B4D75200892FDB /* Products */;
			projectDirPath = "";
			projectRoot = "";
			targets = (
				10A403FE19B4D75200892FDB /* ObjC-Swift Convertor */,
			);
		};
/* End PBXProject section */

/* Begin PBXSourcesBuildPhase section */
		10A403FB19B4D75200892FDB /* Sources */ = {
			isa = PBXSourcesBuildPhase;
			buildActionMask = 2147483647;
			files = (
				10A4040319B4D75200892FDB /* main.swift in Sources */,
				10A4040A19B4DA8200892FDB /* FileSearcher.swift in Sources */,
			);
			runOnlyForDeploymentPostprocessing = 0;
		};
/* End PBXSourcesBuildPhase section */

/* Begin XCBuildConfiguration section */
		10A4040419B4D75200892FDB /* Debug */ = {
			isa = XCBuildConfiguration;
			buildSettings = {
				ALWAYS_SEARCH_USER_PATHS = NO;
				CLANG_CXX_LANGUAGE_STANDARD = "gnu++0x";
				CLANG_CXX_LIBRARY = "libc++";
				CLANG_ENABLE_MODULES = YES;
				CLANG_ENABLE_OBJC_ARC = YES;
				CLANG_WARN_BOOL_CONVERSION = YES;
				CLANG_WARN_CONSTANT_CONVERSION = YES;
				CLANG_WARN_DIRECT_OBJC_ISA_USAGE = YES_ERROR;
				CLANG_WARN_EMPTY_BODY = YES;
				CLANG_WARN_ENUM_CONVERSION = YES;
				CLANG_WARN_INT_CONVERSION = YES;
				CLANG_WARN_OBJC_ROOT_CLASS = YES_ERROR;
				CLANG_WARN_UNREACHABLE_CODE = YES;
				CLANG_WARN__DUPLICATE_METHOD_MATCH = YES;
				COPY_PHASE_STRIP = NO;
				ENABLE_STRICT_OBJC_MSGSEND = YES;
				GCC_C_LANGUAGE_STANDARD = gnu99;
				GCC_DYNAMIC_NO_PIC = NO;
				GCC_OPTIMIZATION_LEVEL = 0;
				GCC_PREPROCESSOR_DEFINITIONS = (
					"DEBUG=1",
					"$(inherited)",
				);
				GCC_SYMBOLS_PRIVATE_EXTERN = NO;
				GCC_WARN_64_TO_32_BIT_CONVERSION = YES;
				GCC_WARN_ABOUT_RETURN_TYPE = YES_ERROR;
				GCC_WARN_UNDECLARED_SELECTOR = YES;
				GCC_WARN_UNINITIALIZED_AUTOS = YES_AGGRESSIVE;
				GCC_WARN_UNUSED_FUNCTION = YES;
				GCC_WARN_UNUSED_VARIABLE = YES;
				MACOSX_DEPLOYMENT_TARGET = 10.9;
				MTL_ENABLE_DEBUG_INFO = YES;
				ONLY_ACTIVE_ARCH = YES;
				SDKROOT = macosx;
				SWIFT_OPTIMIZATION_LEVEL = "-Onone";
			};
			name = Debug;
		};
		10A4040519B4D75200892FDB /* Release */ = {
			isa = XCBuildConfiguration;
			buildSettings = {
				ALWAYS_SEARCH_USER_PATHS = NO;
				CLANG_CXX_LANGUAGE_STANDARD = "gnu++0x";
				CLANG_CXX_LIBRARY = "libc++";
				CLANG_ENABLE_MODULES = YES;
				CLANG_ENABLE_OBJC_ARC = YES;
				CLANG_WARN_BOOL_CONVERSION = YES;
				CLANG_WARN_CONSTANT_CONVERSION = YES;
				CLANG_WARN_DIRECT_OBJC_ISA_USAGE = YES_ERROR;
				CLANG_WARN_EMPTY_BODY = YES;
				CLANG_WARN_ENUM_CONVERSION = YES;
				CLANG_WARN_INT_CONVERSION = YES;
				CLANG_WARN_OBJC_ROOT_CLASS = YES_ERROR;
				CLANG_WARN_UNREACHABLE_CODE = YES;
				CLANG_WARN__DUPLICATE_METHOD_MATCH = YES;
				COPY_PHASE_STRIP = YES;
				DEBUG_INFORMATION_FORMAT = "dwarf-with-dsym";
				ENABLE_NS_ASSERTIONS = NO;
				ENABLE_STRICT_OBJC_MSGSEND = YES;
				GCC_C_LANGUAGE_STANDARD = gnu99;
				GCC_WARN_64_TO_32_BIT_CONVERSION = YES;
				GCC_WARN_ABOUT_RETURN_TYPE = YES_ERROR;
				GCC_WARN_UNDECLARED_SELECTOR = YES;
				GCC_WARN_UNINITIALIZED_AUTOS = YES_AGGRESSIVE;
				GCC_WARN_UNUSED_FUNCTION = YES;
				GCC_WARN_UNUSED_VARIABLE = YES;
				MACOSX_DEPLOYMENT_TARGET = 10.9;
				MTL_ENABLE_DEBUG_INFO = NO;
				SDKROOT = macosx;
			};
			name = Release;
		};
		10A4040719B4D75200892FDB /* Debug */ = {
			isa = XCBuildConfiguration;
			buildSettings = {
				PRODUCT_NAME = "$(TARGET_NAME)";
			};
			name = Debug;
		};
		10A4040819B4D75200892FDB /* Release */ = {
			isa = XCBuildConfiguration;
			buildSettings = {
				PRODUCT_NAME = "$(TARGET_NAME)";
			};
			name = Release;
		};
/* End XCBuildConfiguration section */

/* Begin XCConfigurationList section */
		10A403FA19B4D75200892FDB /* Build configuration list for PBXProject "ObjC-Swift Convertor" */ = {
			isa = XCConfigurationList;
			buildConfigurations = (
				10A4040419B4D75200892FDB /* Debug */,
				10A4040519B4D75200892FDB /* Release */,
			);
			defaultConfigurationIsVisible = 0;
			defaultConfigurationName = Release;
		};
		10A4040619B4D75200892FDB /* Build configuration list for PBXNativeTarget "ObjC-Swift Convertor" */ = {
			isa = XCConfigurationList;
			buildConfigurations = (
				10A4040719B4D75200892FDB /* Debug */,
				10A4040819B4D75200892FDB /* Release */,
			);
			defaultConfigurationIsVisible = 0;
			defaultConfigurationName = Release;
		};
/* End XCConfigurationList section */
	};
	rootObject = 10A403F719B4D75200892FDB /* Project object */;
}
